
Microsoft Visual Studio Solution File, Format Version 12.00
# Visual Studio Version 17
VisualStudioVersion = 17.9.34728.123
MinimumVisualStudioVersion = 10.0.40219.1
Project("{9A19103F-16F7-4668-BE54-9A1E7A4F7556}") = "Bloggos.Web", "Bloggos.Web.csproj", "{E8D7648C-3635-41AB-ADB2-AFB71F1168CA}"
	ProjectSection(ProjectDependencies) = postProject
		{AA1ABB48-2389-4FEA-85A0-FD23A5F73A78} = {AA1ABB48-2389-4FEA-85A0-FD23A5F73A78}
	EndProjectSection
EndProject
Project("{9A19103F-16F7-4668-BE54-9A1E7A4F7556}") = "Bloggos.BussinessLogic", "..\Bloggos.BussinessLogic\Bloggos.BussinessLogic.csproj", "{AA1ABB48-2389-4FEA-85A0-FD23A5F73A78}"
	ProjectSection(ProjectDependencies) = postProject
		{78D54751-14A3-4487-BEFB-3E60F206C71B} = {78D54751-14A3-4487-BEFB-3E60F206C71B}
	EndProjectSection
EndProject
Project("{9A19103F-16F7-4668-BE54-9A1E7A4F7556}") = "Bloggos.Database", "..\Bloggos.Database\Bloggos.Database.csproj", "{78D54751-14A3-4487-BEFB-3E60F206C71B}"
EndProject
Project("{2150E333-8FDC-42A3-9474-1A3956D46DE8}") = "Solution Items", "Solution Items", "{4D777E0A-DAD5-4C08-929C-6B65567152AD}"
	ProjectSection(SolutionItems) = preProject
		DeveloperNotes.txt = DeveloperNotes.txt
	EndProjectSection
EndProject
Global
	GlobalSection(SolutionConfigurationPlatforms) = preSolution
		Debug|Any CPU = Debug|Any CPU
		Release|Any CPU = Release|Any CPU
	EndGlobalSection
	GlobalSection(ProjectConfigurationPlatforms) = postSolution
		{E8D7648C-3635-41AB-ADB2-AFB71F1168CA}.Debug|Any CPU.ActiveCfg = Debug|Any CPU
		{E8D7648C-3635-41AB-ADB2-AFB71F1168CA}.Debug|Any CPU.Build.0 = Debug|Any CPU
		{E8D7648C-3635-41AB-ADB2-AFB71F1168CA}.Release|Any CPU.ActiveCfg = Release|Any CPU
		{E8D7648C-3635-41AB-ADB2-AFB71F1168CA}.Release|Any CPU.Build.0 = Release|Any CPU
		{AA1ABB48-2389-4FEA-85A0-FD23A5F73A78}.Debug|Any CPU.ActiveCfg = Debug|Any CPU
		{AA1ABB48-2389-4FEA-85A0-FD23A5F73A78}.Debug|Any CPU.Build.0 = Debug|Any CPU
		{AA1ABB48-2389-4FEA-85A0-FD23A5F73A78}.Release|Any CPU.ActiveCfg = Release|Any CPU
		{AA1ABB48-2389-4FEA-85A0-FD23A5F73A78}.Release|Any CPU.Build.0 = Release|Any CPU
		{78D54751-14A3-4487-BEFB-3E60F206C71B}.Debug|Any CPU.ActiveCfg = Debug|Any CPU
		{78D54751-14A3-4487-BEFB-3E60F206C71B}.Debug|Any CPU.Build.0 = Debug|Any CPU
		{78D54751-14A3-4487-BEFB-3E60F206C71B}.Release|Any CPU.ActiveCfg = Release|Any CPU
		{78D54751-14A3-4487-BEFB-3E60F206C71B}.Release|Any CPU.Build.0 = Release|Any CPU
	EndGlobalSection
	GlobalSection(SolutionProperties) = preSolution
		HideSolutionNode = FALSE
	EndGlobalSection
	GlobalSection(ExtensibilityGlobals) = postSolution
		SolutionGuid = {48740C09-BCB8-4E51-9C05-D8B737644556}
	EndGlobalSection
EndGlobal
